
Microsoft Visual Studio Solution File, Format Version 12.00
# Visual Studio Version 16
VisualStudioVersion = 16.0.30804.86
MinimumVisualStudioVersion = 10.0.40219.1
Project("{FAE04EC0-301F-11D3-BF4B-00C04F79EFBC}") = "Elements", "Elements\Elements.csproj", "{0F9E3DD8-A2F1-440C-8BCF-C583181A3919}"
EndProject
Project("{FAE04EC0-301F-11D3-BF4B-00C04F79EFBC}") = "IPCExecutor", "IPCExecutor\IPCExecutor.csproj", "{42B3EC7F-DC98-447C-8B72-BBB7791132CE}"
EndProject
Global
	GlobalSection(SolutionConfigurationPlatforms) = preSolution
		Debug|Any CPU = Debug|Any CPU
		Release|Any CPU = Release|Any CPU
	EndGlobalSection
	GlobalSection(ProjectConfigurationPlatforms) = postSolution
		{0F9E3DD8-A2F1-440C-8BCF-C583181A3919}.Debug|Any CPU.ActiveCfg = Debug|Any CPU
		{0F9E3DD8-A2F1-440C-8BCF-C583181A3919}.Debug|Any CPU.Build.0 = Debug|Any CPU
		{0F9E3DD8-A2F1-440C-8BCF-C583181A3919}.Release|Any CPU.ActiveCfg = Release|Any CPU
		{0F9E3DD8-A2F1-440C-8BCF-C583181A3919}.Release|Any CPU.Build.0 = Release|Any CPU
		{42B3EC7F-DC98-447C-8B72-BBB7791132CE}.Debug|Any CPU.ActiveCfg = Debug|Any CPU
		{42B3EC7F-DC98-447C-8B72-BBB7791132CE}.Debug|Any CPU.Build.0 = Debug|Any CPU
		{42B3EC7F-DC98-447C-8B72-BBB7791132CE}.Release|Any CPU.ActiveCfg = Release|Any CPU
		{42B3EC7F-DC98-447C-8B72-BBB7791132CE}.Release|Any CPU.Build.0 = Release|Any CPU
	EndGlobalSection
	GlobalSection(SolutionProperties) = preSolution
		HideSolutionNode = FALSE
	EndGlobalSection
	GlobalSection(ExtensibilityGlobals) = postSolution
		SolutionGuid = {BF32E47C-549C-4725-93CB-801FA2286A1F}
	EndGlobalSection
EndGlobal
